
Microsoft Visual Studio Solution File, Format Version 12.00
# Visual Studio 2012
Project("{FAE04EC0-301F-11D3-BF4B-00C04F79EFBC}") = "HelpAssistantGui", "HelpAssistantGui\HelpAssistantGui\HelpAssistantGui.csproj", "{2B5C241D-FFAE-4204-BBAC-2C92C6430675}"
EndProject
Project("{FAE04EC0-301F-11D3-BF4B-00C04F79EFBC}") = "HelpAssistant", "HelpTopicsLibraries\HelpAssistant\HelpAssistant.csproj", "{F1314E3F-65F6-4024-A31F-ACD8CA75550E}"
EndProject
Project("{FAE04EC0-301F-11D3-BF4B-00C04F79EFBC}") = "HelpAssistantDocumentation", "HelpAssistantGui\HelpAssistantDocumentation\HelpAssistantDocumentation.csproj", "{E7B51B22-2E47-4574-9EEE-CC3F1BE4567D}"
EndProject
Project("{54435603-DBB4-11D2-8724-00A0C9A8B90C}") = "HelpAssistantSetup", "HelpAssistantGui\HelpAssistantSetup\HelpAssistantSetup.vdproj", "{73C0E670-F32E-469F-927F-87600DA16EF8}"
EndProject
Project("{FAE04EC0-301F-11D3-BF4B-00C04F79EFBC}") = "HelpAssistant.Scripts", "..\Scripts\HelpAssistant.Scripts.csproj", "{E1FC0810-38EB-4EFF-A015-BEAF031DD987}"
EndProject
Global
	GlobalSection(SolutionConfigurationPlatforms) = preSolution
		Debug|Any CPU = Debug|Any CPU
		Release|Any CPU = Release|Any CPU
	EndGlobalSection
	GlobalSection(ProjectConfigurationPlatforms) = postSolution
		{2B5C241D-FFAE-4204-BBAC-2C92C6430675}.Debug|Any CPU.ActiveCfg = Debug|Any CPU
		{2B5C241D-FFAE-4204-BBAC-2C92C6430675}.Debug|Any CPU.Build.0 = Debug|Any CPU
		{2B5C241D-FFAE-4204-BBAC-2C92C6430675}.Release|Any CPU.ActiveCfg = Release|Any CPU
		{2B5C241D-FFAE-4204-BBAC-2C92C6430675}.Release|Any CPU.Build.0 = Release|Any CPU
		{F1314E3F-65F6-4024-A31F-ACD8CA75550E}.Debug|Any CPU.ActiveCfg = Debug|Any CPU
		{F1314E3F-65F6-4024-A31F-ACD8CA75550E}.Debug|Any CPU.Build.0 = Debug|Any CPU
		{F1314E3F-65F6-4024-A31F-ACD8CA75550E}.Release|Any CPU.ActiveCfg = Release|Any CPU
		{F1314E3F-65F6-4024-A31F-ACD8CA75550E}.Release|Any CPU.Build.0 = Release|Any CPU
		{E7B51B22-2E47-4574-9EEE-CC3F1BE4567D}.Debug|Any CPU.ActiveCfg = Debug|Any CPU
		{E7B51B22-2E47-4574-9EEE-CC3F1BE4567D}.Debug|Any CPU.Build.0 = Debug|Any CPU
		{E7B51B22-2E47-4574-9EEE-CC3F1BE4567D}.Release|Any CPU.ActiveCfg = Release|Any CPU
		{E7B51B22-2E47-4574-9EEE-CC3F1BE4567D}.Release|Any CPU.Build.0 = Release|Any CPU
		{73C0E670-F32E-469F-927F-87600DA16EF8}.Debug|Any CPU.ActiveCfg = Debug
		{73C0E670-F32E-469F-927F-87600DA16EF8}.Release|Any CPU.ActiveCfg = Release
		{E1FC0810-38EB-4EFF-A015-BEAF031DD987}.Debug|Any CPU.ActiveCfg = Debug|Any CPU
		{E1FC0810-38EB-4EFF-A015-BEAF031DD987}.Debug|Any CPU.Build.0 = Debug|Any CPU
		{E1FC0810-38EB-4EFF-A015-BEAF031DD987}.Release|Any CPU.ActiveCfg = Release|Any CPU
		{E1FC0810-38EB-4EFF-A015-BEAF031DD987}.Release|Any CPU.Build.0 = Release|Any CPU
	EndGlobalSection
	GlobalSection(SolutionProperties) = preSolution
		HideSolutionNode = FALSE
	EndGlobalSection
EndGlobal
